
Microsoft Visual Studio Solution File, Format Version 12.00
# Visual Studio Version 17
VisualStudioVersion = 17.6.33801.468
MinimumVisualStudioVersion = 10.0.40219.1
Project("{FAE04EC0-301F-11D3-BF4B-00C04F79EFBC}") = "Exercises-3", "Exercises-3\Exercises-3.csproj", "{90B48BDE-002B-4B8C-B025-24FDF005DBFB}"
EndProject
Global
	GlobalSection(SolutionConfigurationPlatforms) = preSolution
		Debug|Any CPU = Debug|Any CPU
		Release|Any CPU = Release|Any CPU
	EndGlobalSection
	GlobalSection(ProjectConfigurationPlatforms) = postSolution
		{90B48BDE-002B-4B8C-B025-24FDF005DBFB}.Debug|Any CPU.ActiveCfg = Debug|Any CPU
		{90B48BDE-002B-4B8C-B025-24FDF005DBFB}.Debug|Any CPU.Build.0 = Debug|Any CPU
		{90B48BDE-002B-4B8C-B025-24FDF005DBFB}.Release|Any CPU.ActiveCfg = Release|Any CPU
		{90B48BDE-002B-4B8C-B025-24FDF005DBFB}.Release|Any CPU.Build.0 = Release|Any CPU
	EndGlobalSection
	GlobalSection(SolutionProperties) = preSolution
		HideSolutionNode = FALSE
	EndGlobalSection
	GlobalSection(ExtensibilityGlobals) = postSolution
		SolutionGuid = {C92D15B1-59EF-4236-B6D0-0D2FB0C22D49}
	EndGlobalSection
EndGlobal
