
Microsoft Visual Studio Solution File, Format Version 12.00
# Visual Studio Version 17
VisualStudioVersion = 17.6.33801.468
MinimumVisualStudioVersion = 10.0.40219.1
Project("{FAE04EC0-301F-11D3-BF4B-00C04F79EFBC}") = "Ex36", "Ex36\Ex36.csproj", "{11E38963-B00C-423F-BAAE-BD12B56B627A}"
EndProject
Global
	GlobalSection(SolutionConfigurationPlatforms) = preSolution
		Debug|Any CPU = Debug|Any CPU
		Release|Any CPU = Release|Any CPU
	EndGlobalSection
	GlobalSection(ProjectConfigurationPlatforms) = postSolution
		{11E38963-B00C-423F-BAAE-BD12B56B627A}.Debug|Any CPU.ActiveCfg = Debug|Any CPU
		{11E38963-B00C-423F-BAAE-BD12B56B627A}.Debug|Any CPU.Build.0 = Debug|Any CPU
		{11E38963-B00C-423F-BAAE-BD12B56B627A}.Release|Any CPU.ActiveCfg = Release|Any CPU
		{11E38963-B00C-423F-BAAE-BD12B56B627A}.Release|Any CPU.Build.0 = Release|Any CPU
	EndGlobalSection
	GlobalSection(SolutionProperties) = preSolution
		HideSolutionNode = FALSE
	EndGlobalSection
	GlobalSection(ExtensibilityGlobals) = postSolution
		SolutionGuid = {B61263CD-5684-4921-B925-B04E36940A01}
	EndGlobalSection
EndGlobal
