
Microsoft Visual Studio Solution File, Format Version 12.00
# Visual Studio Version 17
VisualStudioVersion = 17.6.33801.468
MinimumVisualStudioVersion = 10.0.40219.1
Project("{FAE04EC0-301F-11D3-BF4B-00C04F79EFBC}") = "Ex19", "Ex19\Ex19.csproj", "{BB3303E7-B594-4558-A6D7-9F547E3B7FD5}"
EndProject
Global
	GlobalSection(SolutionConfigurationPlatforms) = preSolution
		Debug|Any CPU = Debug|Any CPU
		Release|Any CPU = Release|Any CPU
	EndGlobalSection
	GlobalSection(ProjectConfigurationPlatforms) = postSolution
		{BB3303E7-B594-4558-A6D7-9F547E3B7FD5}.Debug|Any CPU.ActiveCfg = Debug|Any CPU
		{BB3303E7-B594-4558-A6D7-9F547E3B7FD5}.Debug|Any CPU.Build.0 = Debug|Any CPU
		{BB3303E7-B594-4558-A6D7-9F547E3B7FD5}.Release|Any CPU.ActiveCfg = Release|Any CPU
		{BB3303E7-B594-4558-A6D7-9F547E3B7FD5}.Release|Any CPU.Build.0 = Release|Any CPU
	EndGlobalSection
	GlobalSection(SolutionProperties) = preSolution
		HideSolutionNode = FALSE
	EndGlobalSection
	GlobalSection(ExtensibilityGlobals) = postSolution
		SolutionGuid = {FA4338CA-9269-4F3D-9862-D15D4BAF8204}
	EndGlobalSection
EndGlobal
