
Microsoft Visual Studio Solution File, Format Version 12.00
# Visual Studio Version 17
VisualStudioVersion = 17.6.33801.468
MinimumVisualStudioVersion = 10.0.40219.1
Project("{FAE04EC0-301F-11D3-BF4B-00C04F79EFBC}") = "Exercises-10", "Exercises-10\Exercises-10.csproj", "{99019B2D-35F1-4D25-BEA8-696263B329D7}"
EndProject
Global
	GlobalSection(SolutionConfigurationPlatforms) = preSolution
		Debug|Any CPU = Debug|Any CPU
		Release|Any CPU = Release|Any CPU
	EndGlobalSection
	GlobalSection(ProjectConfigurationPlatforms) = postSolution
		{99019B2D-35F1-4D25-BEA8-696263B329D7}.Debug|Any CPU.ActiveCfg = Debug|Any CPU
		{99019B2D-35F1-4D25-BEA8-696263B329D7}.Debug|Any CPU.Build.0 = Debug|Any CPU
		{99019B2D-35F1-4D25-BEA8-696263B329D7}.Release|Any CPU.ActiveCfg = Release|Any CPU
		{99019B2D-35F1-4D25-BEA8-696263B329D7}.Release|Any CPU.Build.0 = Release|Any CPU
	EndGlobalSection
	GlobalSection(SolutionProperties) = preSolution
		HideSolutionNode = FALSE
	EndGlobalSection
	GlobalSection(ExtensibilityGlobals) = postSolution
		SolutionGuid = {AF0ECBD5-5124-4B3F-9D17-698C82B1E51C}
	EndGlobalSection
EndGlobal
