
Microsoft Visual Studio Solution File, Format Version 12.00
# Visual Studio Version 17
VisualStudioVersion = 17.6.33801.468
MinimumVisualStudioVersion = 10.0.40219.1
Project("{FAE04EC0-301F-11D3-BF4B-00C04F79EFBC}") = "Ex37", "Ex37\Ex37.csproj", "{36B4B0F8-1539-4ABB-8C53-D0C56C7627CA}"
EndProject
Global
	GlobalSection(SolutionConfigurationPlatforms) = preSolution
		Debug|Any CPU = Debug|Any CPU
		Release|Any CPU = Release|Any CPU
	EndGlobalSection
	GlobalSection(ProjectConfigurationPlatforms) = postSolution
		{36B4B0F8-1539-4ABB-8C53-D0C56C7627CA}.Debug|Any CPU.ActiveCfg = Debug|Any CPU
		{36B4B0F8-1539-4ABB-8C53-D0C56C7627CA}.Debug|Any CPU.Build.0 = Debug|Any CPU
		{36B4B0F8-1539-4ABB-8C53-D0C56C7627CA}.Release|Any CPU.ActiveCfg = Release|Any CPU
		{36B4B0F8-1539-4ABB-8C53-D0C56C7627CA}.Release|Any CPU.Build.0 = Release|Any CPU
	EndGlobalSection
	GlobalSection(SolutionProperties) = preSolution
		HideSolutionNode = FALSE
	EndGlobalSection
	GlobalSection(ExtensibilityGlobals) = postSolution
		SolutionGuid = {8A7471A2-3790-4DE3-95C6-9A1A4B45B4EE}
	EndGlobalSection
EndGlobal
