
Microsoft Visual Studio Solution File, Format Version 12.00
# Visual Studio Version 17
VisualStudioVersion = 17.6.33801.468
MinimumVisualStudioVersion = 10.0.40219.1
Project("{FAE04EC0-301F-11D3-BF4B-00C04F79EFBC}") = "ex-11", "ex-11\ex-11.csproj", "{72F74713-2A20-4123-ABEE-D9E7ACC18F2C}"
EndProject
Global
	GlobalSection(SolutionConfigurationPlatforms) = preSolution
		Debug|Any CPU = Debug|Any CPU
		Release|Any CPU = Release|Any CPU
	EndGlobalSection
	GlobalSection(ProjectConfigurationPlatforms) = postSolution
		{72F74713-2A20-4123-ABEE-D9E7ACC18F2C}.Debug|Any CPU.ActiveCfg = Debug|Any CPU
		{72F74713-2A20-4123-ABEE-D9E7ACC18F2C}.Debug|Any CPU.Build.0 = Debug|Any CPU
		{72F74713-2A20-4123-ABEE-D9E7ACC18F2C}.Release|Any CPU.ActiveCfg = Release|Any CPU
		{72F74713-2A20-4123-ABEE-D9E7ACC18F2C}.Release|Any CPU.Build.0 = Release|Any CPU
	EndGlobalSection
	GlobalSection(SolutionProperties) = preSolution
		HideSolutionNode = FALSE
	EndGlobalSection
	GlobalSection(ExtensibilityGlobals) = postSolution
		SolutionGuid = {7F8D5770-44F6-44CA-BE3F-5BB8A5486D8B}
	EndGlobalSection
EndGlobal
