
Microsoft Visual Studio Solution File, Format Version 12.00
# Visual Studio Version 17
VisualStudioVersion = 17.6.33801.468
MinimumVisualStudioVersion = 10.0.40219.1
Project("{FAE04EC0-301F-11D3-BF4B-00C04F79EFBC}") = "Ex32", "Ex32\Ex32.csproj", "{BC7BB1AC-12C6-457F-BCB7-CFD451535A04}"
EndProject
Global
	GlobalSection(SolutionConfigurationPlatforms) = preSolution
		Debug|Any CPU = Debug|Any CPU
		Release|Any CPU = Release|Any CPU
	EndGlobalSection
	GlobalSection(ProjectConfigurationPlatforms) = postSolution
		{BC7BB1AC-12C6-457F-BCB7-CFD451535A04}.Debug|Any CPU.ActiveCfg = Debug|Any CPU
		{BC7BB1AC-12C6-457F-BCB7-CFD451535A04}.Debug|Any CPU.Build.0 = Debug|Any CPU
		{BC7BB1AC-12C6-457F-BCB7-CFD451535A04}.Release|Any CPU.ActiveCfg = Release|Any CPU
		{BC7BB1AC-12C6-457F-BCB7-CFD451535A04}.Release|Any CPU.Build.0 = Release|Any CPU
	EndGlobalSection
	GlobalSection(SolutionProperties) = preSolution
		HideSolutionNode = FALSE
	EndGlobalSection
	GlobalSection(ExtensibilityGlobals) = postSolution
		SolutionGuid = {600EF638-897E-4DCE-9C5B-994495A0048A}
	EndGlobalSection
EndGlobal
