
Microsoft Visual Studio Solution File, Format Version 12.00
# Visual Studio Version 17
VisualStudioVersion = 17.6.33801.468
MinimumVisualStudioVersion = 10.0.40219.1
Project("{FAE04EC0-301F-11D3-BF4B-00C04F79EFBC}") = "Ex31", "Ex31\Ex31.csproj", "{76A52145-7BCD-49C6-82EA-ED989BFCD45D}"
EndProject
Global
	GlobalSection(SolutionConfigurationPlatforms) = preSolution
		Debug|Any CPU = Debug|Any CPU
		Release|Any CPU = Release|Any CPU
	EndGlobalSection
	GlobalSection(ProjectConfigurationPlatforms) = postSolution
		{76A52145-7BCD-49C6-82EA-ED989BFCD45D}.Debug|Any CPU.ActiveCfg = Debug|Any CPU
		{76A52145-7BCD-49C6-82EA-ED989BFCD45D}.Debug|Any CPU.Build.0 = Debug|Any CPU
		{76A52145-7BCD-49C6-82EA-ED989BFCD45D}.Release|Any CPU.ActiveCfg = Release|Any CPU
		{76A52145-7BCD-49C6-82EA-ED989BFCD45D}.Release|Any CPU.Build.0 = Release|Any CPU
	EndGlobalSection
	GlobalSection(SolutionProperties) = preSolution
		HideSolutionNode = FALSE
	EndGlobalSection
	GlobalSection(ExtensibilityGlobals) = postSolution
		SolutionGuid = {AC450DAD-AA2C-41BA-83E5-3C5C81DDEC88}
	EndGlobalSection
EndGlobal
