
Microsoft Visual Studio Solution File, Format Version 12.00
# Visual Studio Version 17
VisualStudioVersion = 17.6.33801.468
MinimumVisualStudioVersion = 10.0.40219.1
Project("{FAE04EC0-301F-11D3-BF4B-00C04F79EFBC}") = "Ex29", "Ex29\Ex29.csproj", "{63927D64-63E6-4607-B85F-AE0B1462AAA8}"
EndProject
Global
	GlobalSection(SolutionConfigurationPlatforms) = preSolution
		Debug|Any CPU = Debug|Any CPU
		Release|Any CPU = Release|Any CPU
	EndGlobalSection
	GlobalSection(ProjectConfigurationPlatforms) = postSolution
		{63927D64-63E6-4607-B85F-AE0B1462AAA8}.Debug|Any CPU.ActiveCfg = Debug|Any CPU
		{63927D64-63E6-4607-B85F-AE0B1462AAA8}.Debug|Any CPU.Build.0 = Debug|Any CPU
		{63927D64-63E6-4607-B85F-AE0B1462AAA8}.Release|Any CPU.ActiveCfg = Release|Any CPU
		{63927D64-63E6-4607-B85F-AE0B1462AAA8}.Release|Any CPU.Build.0 = Release|Any CPU
	EndGlobalSection
	GlobalSection(SolutionProperties) = preSolution
		HideSolutionNode = FALSE
	EndGlobalSection
	GlobalSection(ExtensibilityGlobals) = postSolution
		SolutionGuid = {B2EF152F-BBB3-4D65-9EF0-2854C3092C42}
	EndGlobalSection
EndGlobal
