
Microsoft Visual Studio Solution File, Format Version 12.00
# Visual Studio Version 17
VisualStudioVersion = 17.6.33801.468
MinimumVisualStudioVersion = 10.0.40219.1
Project("{FAE04EC0-301F-11D3-BF4B-00C04F79EFBC}") = "ex-12", "ex-12\ex-12.csproj", "{D185003C-AAC8-4696-B751-CA009851A8E6}"
EndProject
Global
	GlobalSection(SolutionConfigurationPlatforms) = preSolution
		Debug|Any CPU = Debug|Any CPU
		Release|Any CPU = Release|Any CPU
	EndGlobalSection
	GlobalSection(ProjectConfigurationPlatforms) = postSolution
		{D185003C-AAC8-4696-B751-CA009851A8E6}.Debug|Any CPU.ActiveCfg = Debug|Any CPU
		{D185003C-AAC8-4696-B751-CA009851A8E6}.Debug|Any CPU.Build.0 = Debug|Any CPU
		{D185003C-AAC8-4696-B751-CA009851A8E6}.Release|Any CPU.ActiveCfg = Release|Any CPU
		{D185003C-AAC8-4696-B751-CA009851A8E6}.Release|Any CPU.Build.0 = Release|Any CPU
	EndGlobalSection
	GlobalSection(SolutionProperties) = preSolution
		HideSolutionNode = FALSE
	EndGlobalSection
	GlobalSection(ExtensibilityGlobals) = postSolution
		SolutionGuid = {BEC80D6A-32DE-410C-AF0B-707DA0FB65F9}
	EndGlobalSection
EndGlobal
