
Microsoft Visual Studio Solution File, Format Version 12.00
# Visual Studio Version 17
VisualStudioVersion = 17.6.33801.468
MinimumVisualStudioVersion = 10.0.40219.1
Project("{FAE04EC0-301F-11D3-BF4B-00C04F79EFBC}") = "Ex-17", "Ex-17\Ex-17.csproj", "{4FB13D4D-6047-4C67-964D-84D10492966E}"
EndProject
Global
	GlobalSection(SolutionConfigurationPlatforms) = preSolution
		Debug|Any CPU = Debug|Any CPU
		Release|Any CPU = Release|Any CPU
	EndGlobalSection
	GlobalSection(ProjectConfigurationPlatforms) = postSolution
		{4FB13D4D-6047-4C67-964D-84D10492966E}.Debug|Any CPU.ActiveCfg = Debug|Any CPU
		{4FB13D4D-6047-4C67-964D-84D10492966E}.Debug|Any CPU.Build.0 = Debug|Any CPU
		{4FB13D4D-6047-4C67-964D-84D10492966E}.Release|Any CPU.ActiveCfg = Release|Any CPU
		{4FB13D4D-6047-4C67-964D-84D10492966E}.Release|Any CPU.Build.0 = Release|Any CPU
	EndGlobalSection
	GlobalSection(SolutionProperties) = preSolution
		HideSolutionNode = FALSE
	EndGlobalSection
	GlobalSection(ExtensibilityGlobals) = postSolution
		SolutionGuid = {EE9BB3FF-2B2D-4306-B7E5-6FBDE89E6E32}
	EndGlobalSection
EndGlobal
