
Microsoft Visual Studio Solution File, Format Version 12.00
# Visual Studio Version 17
VisualStudioVersion = 17.6.33801.468
MinimumVisualStudioVersion = 10.0.40219.1
Project("{FAE04EC0-301F-11D3-BF4B-00C04F79EFBC}") = "Ex47", "Ex47\Ex47.csproj", "{41817E4D-28FE-43EE-A434-DEC4863AF147}"
EndProject
Global
	GlobalSection(SolutionConfigurationPlatforms) = preSolution
		Debug|Any CPU = Debug|Any CPU
		Release|Any CPU = Release|Any CPU
	EndGlobalSection
	GlobalSection(ProjectConfigurationPlatforms) = postSolution
		{41817E4D-28FE-43EE-A434-DEC4863AF147}.Debug|Any CPU.ActiveCfg = Debug|Any CPU
		{41817E4D-28FE-43EE-A434-DEC4863AF147}.Debug|Any CPU.Build.0 = Debug|Any CPU
		{41817E4D-28FE-43EE-A434-DEC4863AF147}.Release|Any CPU.ActiveCfg = Release|Any CPU
		{41817E4D-28FE-43EE-A434-DEC4863AF147}.Release|Any CPU.Build.0 = Release|Any CPU
	EndGlobalSection
	GlobalSection(SolutionProperties) = preSolution
		HideSolutionNode = FALSE
	EndGlobalSection
	GlobalSection(ExtensibilityGlobals) = postSolution
		SolutionGuid = {A5C813EB-B9A6-47FE-8562-25CEBC5A0B58}
	EndGlobalSection
EndGlobal
