
Microsoft Visual Studio Solution File, Format Version 12.00
# Visual Studio Version 17
VisualStudioVersion = 17.6.33801.468
MinimumVisualStudioVersion = 10.0.40219.1
Project("{FAE04EC0-301F-11D3-BF4B-00C04F79EFBC}") = "Ex24", "Ex24\Ex24.csproj", "{79DE5CDE-07EB-40C6-AF8E-FBBB46EE6CBC}"
EndProject
Global
	GlobalSection(SolutionConfigurationPlatforms) = preSolution
		Debug|Any CPU = Debug|Any CPU
		Release|Any CPU = Release|Any CPU
	EndGlobalSection
	GlobalSection(ProjectConfigurationPlatforms) = postSolution
		{79DE5CDE-07EB-40C6-AF8E-FBBB46EE6CBC}.Debug|Any CPU.ActiveCfg = Debug|Any CPU
		{79DE5CDE-07EB-40C6-AF8E-FBBB46EE6CBC}.Debug|Any CPU.Build.0 = Debug|Any CPU
		{79DE5CDE-07EB-40C6-AF8E-FBBB46EE6CBC}.Release|Any CPU.ActiveCfg = Release|Any CPU
		{79DE5CDE-07EB-40C6-AF8E-FBBB46EE6CBC}.Release|Any CPU.Build.0 = Release|Any CPU
	EndGlobalSection
	GlobalSection(SolutionProperties) = preSolution
		HideSolutionNode = FALSE
	EndGlobalSection
	GlobalSection(ExtensibilityGlobals) = postSolution
		SolutionGuid = {B00132B0-1772-4354-B496-320D45CA8435}
	EndGlobalSection
EndGlobal
