
Microsoft Visual Studio Solution File, Format Version 12.00
# Visual Studio Version 17
VisualStudioVersion = 17.6.33801.468
MinimumVisualStudioVersion = 10.0.40219.1
Project("{FAE04EC0-301F-11D3-BF4B-00C04F79EFBC}") = "Ex28", "Ex28\Ex28.csproj", "{5EE93B4A-1F82-4D31-85CF-FB7A641D2A24}"
EndProject
Global
	GlobalSection(SolutionConfigurationPlatforms) = preSolution
		Debug|Any CPU = Debug|Any CPU
		Release|Any CPU = Release|Any CPU
	EndGlobalSection
	GlobalSection(ProjectConfigurationPlatforms) = postSolution
		{5EE93B4A-1F82-4D31-85CF-FB7A641D2A24}.Debug|Any CPU.ActiveCfg = Debug|Any CPU
		{5EE93B4A-1F82-4D31-85CF-FB7A641D2A24}.Debug|Any CPU.Build.0 = Debug|Any CPU
		{5EE93B4A-1F82-4D31-85CF-FB7A641D2A24}.Release|Any CPU.ActiveCfg = Release|Any CPU
		{5EE93B4A-1F82-4D31-85CF-FB7A641D2A24}.Release|Any CPU.Build.0 = Release|Any CPU
	EndGlobalSection
	GlobalSection(SolutionProperties) = preSolution
		HideSolutionNode = FALSE
	EndGlobalSection
	GlobalSection(ExtensibilityGlobals) = postSolution
		SolutionGuid = {07069DCB-902E-40B4-9001-7211010B08CC}
	EndGlobalSection
EndGlobal
